
Microsoft Visual Studio Solution File, Format Version 12.00
# Visual Studio Version 16
VisualStudioVersion = 16.0.29728.190
MinimumVisualStudioVersion = 10.0.40219.1
Project("{9A19103F-16F7-4668-BE54-9A1E7A4F7556}") = "UavLogTool", "UavLogTool\UavLogTool.csproj", "{48F66EAD-6F3D-425E-A06C-6EA2DFBE9183}"
EndProject
Project("{FAE04EC0-301F-11D3-BF4B-00C04F79EFBC}") = "UavLogToolTest", "UavLogToolTest\UavLogToolTest.csproj", "{67F151DF-3FAD-4C83-A8A3-7793DB9D90FB}"
EndProject
Global
	GlobalSection(SolutionConfigurationPlatforms) = preSolution
		Debug|Any CPU = Debug|Any CPU
		Release|Any CPU = Release|Any CPU
	EndGlobalSection
	GlobalSection(ProjectConfigurationPlatforms) = postSolution
		{48F66EAD-6F3D-425E-A06C-6EA2DFBE9183}.Debug|Any CPU.ActiveCfg = Debug|Any CPU
		{48F66EAD-6F3D-425E-A06C-6EA2DFBE9183}.Debug|Any CPU.Build.0 = Debug|Any CPU
		{48F66EAD-6F3D-425E-A06C-6EA2DFBE9183}.Release|Any CPU.ActiveCfg = Release|Any CPU
		{48F66EAD-6F3D-425E-A06C-6EA2DFBE9183}.Release|Any CPU.Build.0 = Release|Any CPU
		{67F151DF-3FAD-4C83-A8A3-7793DB9D90FB}.Debug|Any CPU.ActiveCfg = Debug|Any CPU
		{67F151DF-3FAD-4C83-A8A3-7793DB9D90FB}.Debug|Any CPU.Build.0 = Debug|Any CPU
		{67F151DF-3FAD-4C83-A8A3-7793DB9D90FB}.Release|Any CPU.ActiveCfg = Release|Any CPU
		{67F151DF-3FAD-4C83-A8A3-7793DB9D90FB}.Release|Any CPU.Build.0 = Release|Any CPU
	EndGlobalSection
	GlobalSection(SolutionProperties) = preSolution
		HideSolutionNode = FALSE
	EndGlobalSection
	GlobalSection(ExtensibilityGlobals) = postSolution
		SolutionGuid = {D1E65E3F-B8D7-47CB-94D3-F15CECF9081F}
	EndGlobalSection
EndGlobal
